
Microsoft Visual Studio Solution File, Format Version 12.00
# Visual Studio Version 17
VisualStudioVersion = 17.7.34221.43
MinimumVisualStudioVersion = 10.0.40219.1
Project("{FAE04EC0-301F-11D3-BF4B-00C04F79EFBC}") = "Docker", "Docker\Docker.csproj", "{0D433FD6-8032-44A6-ADE7-E1857805347A}"
EndProject
Global
	GlobalSection(SolutionConfigurationPlatforms) = preSolution
		Debug|Any CPU = Debug|Any CPU
		Release|Any CPU = Release|Any CPU
	EndGlobalSection
	GlobalSection(ProjectConfigurationPlatforms) = postSolution
		{0D433FD6-8032-44A6-ADE7-E1857805347A}.Debug|Any CPU.ActiveCfg = Debug|Any CPU
		{0D433FD6-8032-44A6-ADE7-E1857805347A}.Debug|Any CPU.Build.0 = Debug|Any CPU
		{0D433FD6-8032-44A6-ADE7-E1857805347A}.Release|Any CPU.ActiveCfg = Release|Any CPU
		{0D433FD6-8032-44A6-ADE7-E1857805347A}.Release|Any CPU.Build.0 = Release|Any CPU
	EndGlobalSection
	GlobalSection(SolutionProperties) = preSolution
		HideSolutionNode = FALSE
	EndGlobalSection
	GlobalSection(ExtensibilityGlobals) = postSolution
		SolutionGuid = {F1AC7A59-9164-49A7-82FE-8F4B4D04A3C8}
	EndGlobalSection
EndGlobal
